
Microsoft Visual Studio Solution File, Format Version 12.00
# Visual Studio Version 16
VisualStudioVersion = 16.0.30002.166
MinimumVisualStudioVersion = 10.0.40219.1
Project("{6EC3EE1D-3C4E-46DD-8F32-0CC8E7565705}") = "prob-n001", "prob-n001\prob-n001.fsproj", "{CEA33AD2-1142-45B6-82D2-2BF7BA84F40F}"
EndProject
Project("{6EC3EE1D-3C4E-46DD-8F32-0CC8E7565705}") = "prob-n002", "prob-n002\prob-n002.fsproj", "{BD01F2A9-AB90-417E-B3D8-98808144026A}"
EndProject
Project("{6EC3EE1D-3C4E-46DD-8F32-0CC8E7565705}") = "prob-n003", "prob-n003\prob-n003.fsproj", "{BDBEA91B-9CB3-46CF-A308-0B24DF9B73C1}"
EndProject
Project("{F2A71F9B-5D33-465A-A702-920D77279786}") = "Utilities", "Utilities\Utilities.fsproj", "{5FDFE659-A263-48D8-88CD-AE9BBE1CFC59}"
EndProject
Project("{6EC3EE1D-3C4E-46DD-8F32-0CC8E7565705}") = "prob-n004", "prob-n004\prob-n004.fsproj", "{AAADBE43-912F-4F85-B945-2592E0AC728A}"
EndProject
Global
	GlobalSection(SolutionConfigurationPlatforms) = preSolution
		Debug|Any CPU = Debug|Any CPU
		Release|Any CPU = Release|Any CPU
	EndGlobalSection
	GlobalSection(ProjectConfigurationPlatforms) = postSolution
		{CEA33AD2-1142-45B6-82D2-2BF7BA84F40F}.Debug|Any CPU.ActiveCfg = Debug|Any CPU
		{CEA33AD2-1142-45B6-82D2-2BF7BA84F40F}.Debug|Any CPU.Build.0 = Debug|Any CPU
		{CEA33AD2-1142-45B6-82D2-2BF7BA84F40F}.Release|Any CPU.ActiveCfg = Release|Any CPU
		{CEA33AD2-1142-45B6-82D2-2BF7BA84F40F}.Release|Any CPU.Build.0 = Release|Any CPU
		{BD01F2A9-AB90-417E-B3D8-98808144026A}.Debug|Any CPU.ActiveCfg = Debug|Any CPU
		{BD01F2A9-AB90-417E-B3D8-98808144026A}.Debug|Any CPU.Build.0 = Debug|Any CPU
		{BD01F2A9-AB90-417E-B3D8-98808144026A}.Release|Any CPU.ActiveCfg = Release|Any CPU
		{BD01F2A9-AB90-417E-B3D8-98808144026A}.Release|Any CPU.Build.0 = Release|Any CPU
		{BDBEA91B-9CB3-46CF-A308-0B24DF9B73C1}.Debug|Any CPU.ActiveCfg = Debug|Any CPU
		{BDBEA91B-9CB3-46CF-A308-0B24DF9B73C1}.Debug|Any CPU.Build.0 = Debug|Any CPU
		{BDBEA91B-9CB3-46CF-A308-0B24DF9B73C1}.Release|Any CPU.ActiveCfg = Release|Any CPU
		{BDBEA91B-9CB3-46CF-A308-0B24DF9B73C1}.Release|Any CPU.Build.0 = Release|Any CPU
		{5FDFE659-A263-48D8-88CD-AE9BBE1CFC59}.Debug|Any CPU.ActiveCfg = Debug|Any CPU
		{5FDFE659-A263-48D8-88CD-AE9BBE1CFC59}.Debug|Any CPU.Build.0 = Debug|Any CPU
		{5FDFE659-A263-48D8-88CD-AE9BBE1CFC59}.Release|Any CPU.ActiveCfg = Release|Any CPU
		{5FDFE659-A263-48D8-88CD-AE9BBE1CFC59}.Release|Any CPU.Build.0 = Release|Any CPU
		{AAADBE43-912F-4F85-B945-2592E0AC728A}.Debug|Any CPU.ActiveCfg = Debug|Any CPU
		{AAADBE43-912F-4F85-B945-2592E0AC728A}.Debug|Any CPU.Build.0 = Debug|Any CPU
		{AAADBE43-912F-4F85-B945-2592E0AC728A}.Release|Any CPU.ActiveCfg = Release|Any CPU
		{AAADBE43-912F-4F85-B945-2592E0AC728A}.Release|Any CPU.Build.0 = Release|Any CPU
	EndGlobalSection
	GlobalSection(SolutionProperties) = preSolution
		HideSolutionNode = FALSE
	EndGlobalSection
	GlobalSection(ExtensibilityGlobals) = postSolution
		SolutionGuid = {416483A6-DB14-43AB-8775-4F2CD2CA4322}
	EndGlobalSection
EndGlobal
